<?xml version="1.0" encoding="utf-8"?>
<Project ToolsVersion="4.0" xmlns="http://schemas.microsoft.com/developer/msbuild/2003">
  <ItemGroup>
    <Filter Include="Source Files">
      <UniqueIdentifier>{4FC737F1-C7A5-4376-A066-2A32D752A2FF}</UniqueIdentifier>
      <Extensions>cpp;c;cc;cxx;c++;cppm;ixx;def;odl;idl;hpj;bat;asm;asmx</Extensions>
    </Filter>
    <Filter Include="Header Files">
      <UniqueIdentifier>{93995380-89BD-4b04-88EB-625FBE52EBFB}</UniqueIdentifier>
      <Extensions>h;hh;hpp;hxx;h++;hm;inl;inc;ipp;xsd</Extensions>
    </Filter>
    <Filter Include="Resource Files">
      <UniqueIdentifier>{67DA6AB6-F800-4c08-8B7A-83BB121AAD01}</UniqueIdentifier>
      <Extensions>rc;ico;cur;bmp;dlg;rc2;rct;bin;rgs;gif;jpg;jpeg;jpe;resx;tiff;tif;png;wav;mfcribbon-ms</Extensions>
    </Filter>
    <Filter Include="Application">
      <UniqueIdentifier>{a8b697f7-57b7-41df-a143-452fa2a5a83e}</UniqueIdentifier>
    </Filter>
    <Filter Include="Engine">
      <UniqueIdentifier>{594111d7-1759-4e8f-bf76-6aedc72ffb73}</UniqueIdentifier>
    </Filter>
    <Filter Include="Base">
      <UniqueIdentifier>{094d3e1e-06e1-4c34-a9a4-ab1c7a600118}</UniqueIdentifier>
    </Filter>
    <Filter Include="External">
      <UniqueIdentifier>{1ac1a7dc-747a-43ca-b02d-9e374d208e08}</UniqueIdentifier>
    </Filter>
    <Filter Include="Shaders">
      <UniqueIdentifier>{83c832cd-9b63-4419-80eb-a2b4b12c4fcc}</UniqueIdentifier>
    </Filter>
    <Filter Include="ecs">
      <UniqueIdentifier>{07865768-50a3-42b0-86d3-a3606107dec3}</UniqueIdentifier>
    </Filter>
  </ItemGroup>
  <ItemGroup>
    <None Include="vcpkg.json" />
    <None Include="shaders\lightFrag.frag">
      <Filter>Shaders</Filter>
    </None>
    <None Include="shaders\shader.frag">
      <Filter>Shaders</Filter>
    </None>
    <None Include="shaders\shader.vert">
      <Filter>Shaders</Filter>
    </None>
  </ItemGroup>
  <ItemGroup>
    <ClInclude Include="source\application\AppConifg.hpp">
      <Filter>Application</Filter>
    </ClInclude>
    <ClInclude Include="source\application\EventDispatcher.hpp">
      <Filter>Application</Filter>
    </ClInclude>
    <ClInclude Include="source\application\InputEvents.hpp">
      <Filter>Application</Filter>
    </ClInclude>
    <ClInclude Include="source\application\input\InputManager.hpp">
      <Filter>Application</Filter>
    </ClInclude>
    <ClInclude Include="source\application\WindowManager.hpp">
      <Filter>Application</Filter>
    </ClInclude>
    <ClInclude Include="source\base\Assert.hpp">
      <Filter>Base</Filter>
    </ClInclude>
    <ClInclude Include="source\base\Common.hpp">
      <Filter>Base</Filter>
    </ClInclude>
    <ClInclude Include="source\base\File.hpp">
      <Filter>Base</Filter>
    </ClInclude>
    <ClInclude Include="source\base\Logging.hpp">
      <Filter>Base</Filter>
    </ClInclude>
    <ClInclude Include="source\base\Memory.hpp">
      <Filter>Base</Filter>
    </ClInclude>
    <ClInclude Include="source\base\Platform.hpp">
      <Filter>Base</Filter>
    </ClInclude>
    <ClInclude Include="source\base\Service.hpp">
      <Filter>Base</Filter>
    </ClInclude>
    <ClInclude Include="source\base\VmaUsage.hpp">
      <Filter>Base</Filter>
    </ClInclude>
    <ClInclude Include="source\base\VulkanUsage.hpp">
      <Filter>Base</Filter>
    </ClInclude>
    <ClInclude Include="source\engine\Common.hpp">
      <Filter>Engine</Filter>
    </ClInclude>
    <ClInclude Include="source\engine\VulkanDebug.hpp">
      <Filter>Engine</Filter>
    </ClInclude>
    <ClInclude Include="source\engine\VulkanRendering.hpp">
      <Filter>Engine</Filter>
    </ClInclude>
    <ClInclude Include="source\engine\VulkanResources.hpp">
      <Filter>Engine</Filter>
    </ClInclude>
    <ClInclude Include="source\engine\VulkanAllocator.hpp">
      <Filter>Engine</Filter>
    </ClInclude>
    <ClInclude Include="source\external\StackWalker.h">
      <Filter>External</Filter>
    </ClInclude>
    <ClInclude Include="source\external\tlsf.h">
      <Filter>External</Filter>
    </ClInclude>
    <ClInclude Include="source\ecs\Systems.hpp">
      <Filter>ecs</Filter>
    </ClInclude>
    <ClInclude Include="source\ecs\Core.hpp">
      <Filter>ecs</Filter>
    </ClInclude>
    <ClInclude Include="source\base\Event.hpp">
      <Filter>Base</Filter>
    </ClInclude>
    <ClInclude Include="source\ecs\Queries.hpp">
      <Filter>ecs</Filter>
    </ClInclude>
    <ClInclude Include="source\ecs\World.hpp">
      <Filter>ecs</Filter>
    </ClInclude>
    <ClInclude Include="source\base\LoggingTestStrings.hpp">
      <Filter>Base</Filter>
    </ClInclude>
    <ClInclude Include="source\engine\components\VulkanComponents.hpp">
      <Filter>Header Files</Filter>
    </ClInclude>
    <ClInclude Include="source\engine\systems\core\CoreSystems.hpp">
      <Filter>Header Files</Filter>
    </ClInclude>
    <ClInclude Include="source\engine\components\CoreComponents.hpp">
      <Filter>Header Files</Filter>
    </ClInclude>
    <ClInclude Include="source\base\Math.hpp">
      <Filter>Header Files</Filter>
    </ClInclude>
    <ClInclude Include="source\engine\components\InputEventComponents.hpp">
      <Filter>Header Files</Filter>
    </ClInclude>
    <ClInclude Include="source\application\input\InputActionMap.hpp">
      <Filter>Header Files</Filter>
    </ClInclude>
    <ClInclude Include="source\application\Time.hpp">
      <Filter>Header Files</Filter>
    </ClInclude>
    <ClInclude Include="source\engine\systems\MovementSystems.hpp">
      <Filter>Header Files</Filter>
    </ClInclude>
    <ClInclude Include="source\application\input\Keycodes.hpp">
      <Filter>Header Files</Filter>
    </ClInclude>
    <ClInclude Include="source\engine\VulkanImages.hpp">
      <Filter>Header Files</Filter>
    </ClInclude>
    <ClInclude Include="source\engine\components\FrameGraphComponents.hpp">
      <Filter>Header Files</Filter>
    </ClInclude>
    <ClInclude Include="source\engine\VulkanLighting.hpp">
      <Filter>Header Files</Filter>
    </ClInclude>
    <ClInclude Include="source\engine\VulkanDepth.hpp">
      <Filter>Header Files</Filter>
    </ClInclude>
    <ClInclude Include="source\engine\VulkanGeometry.hpp">
      <Filter>Header Files</Filter>
    </ClInclude>
    <ClInclude Include="source\engine\VulkanBuffer.hpp">
      <Filter>Header Files</Filter>
    </ClInclude>
  </ItemGroup>
  <ItemGroup>
    <ClCompile Include="source\application\EventDispatcher.cpp">
      <Filter>Application</Filter>
    </ClCompile>
    <ClCompile Include="source\application\input\InputManager.cpp">
      <Filter>Application</Filter>
    </ClCompile>
    <ClCompile Include="source\application\WindowManager.cpp">
      <Filter>Application</Filter>
    </ClCompile>
    <ClCompile Include="source\base\File.cpp">
      <Filter>Base</Filter>
    </ClCompile>
    <ClCompile Include="source\base\Logging.cpp">
      <Filter>Base</Filter>
    </ClCompile>
    <ClCompile Include="source\base\Memory.cpp">
      <Filter>Base</Filter>
    </ClCompile>
    <ClCompile Include="source\base\VmaUsage.cpp">
      <Filter>Base</Filter>
    </ClCompile>
    <ClCompile Include="source\engine\VulkanDebug.cpp">
      <Filter>Engine</Filter>
    </ClCompile>
    <ClCompile Include="source\engine\VulkanRendering.cpp">
      <Filter>Engine</Filter>
    </ClCompile>
    <ClCompile Include="source\engine\VulkanResources.cpp">
      <Filter>Engine</Filter>
    </ClCompile>
    <ClCompile Include="source\engine\VulkanAllocator.cpp">
      <Filter>Engine</Filter>
    </ClCompile>
    <ClCompile Include="source\external\tlsf.c">
      <Filter>External</Filter>
    </ClCompile>
    <ClCompile Include="source\Main.cpp">
      <Filter>Source Files</Filter>
    </ClCompile>
    <ClCompile Include="source\ecs\SystemsCore.cpp">
      <Filter>ecs</Filter>
    </ClCompile>
    <ClCompile Include="source\application\input\InputActionMap.cpp">
      <Filter>Source Files</Filter>
    </ClCompile>
    <ClCompile Include="source\application\Time.cpp">
      <Filter>Source Files</Filter>
    </ClCompile>
    <ClCompile Include="source\engine\systems\core\VulkanInitSystem.cpp">
      <Filter>Source Files</Filter>
    </ClCompile>
    <ClCompile Include="source\engine\systems\core\CameraCreateSystem.cpp">
      <Filter>Source Files</Filter>
    </ClCompile>
    <ClCompile Include="source\engine\systems\core\ModelLoadSystem.cpp">
      <Filter>Source Files</Filter>
    </ClCompile>
    <ClCompile Include="source\engine\systems\core\ShaderCreateSystem.cpp">
      <Filter>Source Files</Filter>
    </ClCompile>
    <ClCompile Include="source\engine\systems\core\GeometryPipelineCreateSystem.cpp">
      <Filter>Source Files</Filter>
    </ClCompile>
    <ClCompile Include="source\engine\systems\core\TransformationMatrixSystem.cpp">
      <Filter>Source Files</Filter>
    </ClCompile>
    <ClCompile Include="source\engine\systems\core\CameraMatricesUpdateSystem.cpp">
      <Filter>Source Files</Filter>
    </ClCompile>
    <ClCompile Include="source\engine\systems\core\CameraUboUpdateSystem.cpp">
      <Filter>Source Files</Filter>
    </ClCompile>
    <ClCompile Include="source\engine\systems\core\WaitForFrameSystem.cpp">
      <Filter>Source Files</Filter>
    </ClCompile>
    <ClCompile Include="source\engine\systems\core\DescriptorUpdateSystem.cpp">
      <Filter>Source Files</Filter>
    </ClCompile>
    <ClCompile Include="source\engine\systems\core\PresentationSystem.cpp">
      <Filter>Source Files</Filter>
    </ClCompile>
    <ClCompile Include="source\engine\systems\core\CleanupSystem.cpp">
      <Filter>Source Files</Filter>
    </ClCompile>
    <ClCompile Include="source\engine\systems\core\DepthPassSystem.cpp">
      <Filter>Source Files</Filter>
    </ClCompile>
    <ClCompile Include="source\engine\VulkanImages.cpp">
      <Filter>Source Files</Filter>
    </ClCompile>
    <ClCompile Include="source\engine\VulkanGeometry.cpp">
      <Filter>Source Files</Filter>
    </ClCompile>
    <ClCompile Include="source\engine\VulkanDepth.cpp">
      <Filter>Source Files</Filter>
    </ClCompile>
    <ClCompile Include="source\engine\VulkanBuffer.cpp">
      <Filter>Source Files</Filter>
    </ClCompile>
    <ClCompile Include="source\engine\Common.cpp">
      <Filter>Source Files</Filter>
    </ClCompile>
    <ClCompile Include="source\engine\VulkanLighting.cpp">
      <Filter>Source Files</Filter>
    </ClCompile>
    <ClCompile Include="source\engine\systems\core\GeometryPassSystem.cpp">
      <Filter>Source Files</Filter>
    </ClCompile>
    <ClCompile Include="source\engine\systems\core\LightPassSystem.cpp">
      <Filter>Source Files</Filter>
    </ClCompile>
    <ClCompile Include="source\engine\systems\core\LightUboCreateSystem.cpp">
      <Filter>Source Files</Filter>
    </ClCompile>
    <ClCompile Include="source\engine\systems\core\LightUboUpdateSystem.cpp">
      <Filter>Source Files</Filter>
    </ClCompile>
    <ClCompile Include="source\base\StbUsage.cpp">
      <Filter>Source Files</Filter>
    </ClCompile>
    <ClCompile Include="source\engine\systems\core\TextureLoadSystem.cpp">
      <Filter>Source Files</Filter>
    </ClCompile>
  </ItemGroup>
</Project>