<?xml version="1.0" encoding="utf-8"?>
<Project ToolsVersion="4.0" xmlns="http://schemas.microsoft.com/developer/msbuild/2003">
  <ItemGroup>
    <Filter Include="Source Files">
      <UniqueIdentifier>{4FC737F1-C7A5-4376-A066-2A32D752A2FF}</UniqueIdentifier>
      <Extensions>cpp;c;cc;cxx;c++;cppm;ixx;def;odl;idl;hpj;bat;asm;asmx</Extensions>
    </Filter>
    <Filter Include="Header Files">
      <UniqueIdentifier>{93995380-89BD-4b04-88EB-625FBE52EBFB}</UniqueIdentifier>
      <Extensions>h;hh;hpp;hxx;h++;hm;inl;inc;ipp;xsd</Extensions>
    </Filter>
    <Filter Include="Resource Files">
      <UniqueIdentifier>{67DA6AB6-F800-4c08-8B7A-83BB121AAD01}</UniqueIdentifier>
      <Extensions>rc;ico;cur;bmp;dlg;rc2;rct;bin;rgs;gif;jpg;jpeg;jpe;resx;tiff;tif;png;wav;mfcribbon-ms</Extensions>
    </Filter>
    <Filter Include="Application">
      <UniqueIdentifier>{a8b697f7-57b7-41df-a143-452fa2a5a83e}</UniqueIdentifier>
    </Filter>
    <Filter Include="Engine">
      <UniqueIdentifier>{594111d7-1759-4e8f-bf76-6aedc72ffb73}</UniqueIdentifier>
    </Filter>
    <Filter Include="Base">
      <UniqueIdentifier>{094d3e1e-06e1-4c34-a9a4-ab1c7a600118}</UniqueIdentifier>
    </Filter>
    <Filter Include="External">
      <UniqueIdentifier>{1ac1a7dc-747a-43ca-b02d-9e374d208e08}</UniqueIdentifier>
    </Filter>
    <Filter Include="Shaders">
      <UniqueIdentifier>{83c832cd-9b63-4419-80eb-a2b4b12c4fcc}</UniqueIdentifier>
    </Filter>
  </ItemGroup>
  <ItemGroup>
    <None Include="vcpkg.json" />
    <None Include="Shaders\shader.frag">
      <Filter>Shaders</Filter>
    </None>
    <None Include="Shaders\shader.vert">
      <Filter>Shaders</Filter>
    </None>
  </ItemGroup>
  <ItemGroup>
    <ClInclude Include="Model2D.h">
      <Filter>Header Files</Filter>
    </ClInclude>
    <ClInclude Include="Engine\GraphicsDebug.hpp">
      <Filter>Engine</Filter>
    </ClInclude>
    <ClInclude Include="Engine\GraphicsEngine.hpp">
      <Filter>Engine</Filter>
    </ClInclude>
    <ClInclude Include="Engine\GraphicsUtility.hpp">
      <Filter>Engine</Filter>
    </ClInclude>
    <ClInclude Include="Application\AppConifg.hpp">
      <Filter>Application</Filter>
    </ClInclude>
    <ClInclude Include="Application\EventManager.hpp">
      <Filter>Application</Filter>
    </ClInclude>
    <ClInclude Include="Application\WindowManager.hpp">
      <Filter>Application</Filter>
    </ClInclude>
    <ClInclude Include="Base\Memory.hpp">
      <Filter>Base</Filter>
    </ClInclude>
    <ClInclude Include="Base\Logging.hpp">
      <Filter>Base</Filter>
    </ClInclude>
    <ClInclude Include="Base\Platform.hpp">
      <Filter>Base</Filter>
    </ClInclude>
    <ClInclude Include="Base\Assert.hpp">
      <Filter>Base</Filter>
    </ClInclude>
    <ClInclude Include="External\StackWalker.h">
      <Filter>External</Filter>
    </ClInclude>
    <ClInclude Include="External\tlsf.h">
      <Filter>External</Filter>
    </ClInclude>
    <ClInclude Include="Base\Service.hpp">
      <Filter>Base</Filter>
    </ClInclude>
    <ClInclude Include="Application\InputManager.hpp">
      <Filter>Application</Filter>
    </ClInclude>
    <ClInclude Include="Application\Events.hpp">
      <Filter>Application</Filter>
    </ClInclude>
    <ClInclude Include="Engine\VulkanAllocator.hpp">
      <Filter>Engine</Filter>
    </ClInclude>
    <ClInclude Include="Engine\ResourcesCore.hpp">
      <Filter>Engine</Filter>
    </ClInclude>
    <ClInclude Include="Engine\Resources.hpp">
      <Filter>Engine</Filter>
    </ClInclude>
    <ClInclude Include="Engine\Debug.hpp">
      <Filter>Engine</Filter>
    </ClInclude>
    <ClInclude Include="Engine\Common.hpp">
      <Filter>Engine</Filter>
    </ClInclude>
    <ClInclude Include="Engine\Modules.hpp">
      <Filter>Engine</Filter>
    </ClInclude>
    <ClInclude Include="Engine\RenderingCore.hpp">
      <Filter>Engine</Filter>
    </ClInclude>
    <ClInclude Include="Base\File.hpp">
      <Filter>Base</Filter>
    </ClInclude>
    <ClInclude Include="Base\VmaUsage.hpp">
      <Filter>Base</Filter>
    </ClInclude>
    <ClInclude Include="Base\VulkanUsage.hpp">
      <Filter>Base</Filter>
    </ClInclude>
  </ItemGroup>
  <ItemGroup>
    <ClCompile Include="Main.cpp">
      <Filter>Source Files</Filter>
    </ClCompile>
    <ClCompile Include="Base\VmaUsage.cpp">
      <Filter>Base</Filter>
    </ClCompile>
    <ClCompile Include="Engine\GraphicsDebug.cpp">
      <Filter>Engine</Filter>
    </ClCompile>
    <ClCompile Include="Engine\GraphicsEngine.cpp">
      <Filter>Engine</Filter>
    </ClCompile>
    <ClCompile Include="Engine\GraphicsUtility.cpp">
      <Filter>Engine</Filter>
    </ClCompile>
    <ClCompile Include="Application\EventManager.cpp">
      <Filter>Application</Filter>
    </ClCompile>
    <ClCompile Include="Application\WindowManager.cpp">
      <Filter>Application</Filter>
    </ClCompile>
    <ClCompile Include="Base\Memory.cpp">
      <Filter>Base</Filter>
    </ClCompile>
    <ClCompile Include="External\tlsf.c">
      <Filter>External</Filter>
    </ClCompile>
    <ClCompile Include="Base\Logging.cpp">
      <Filter>Base</Filter>
    </ClCompile>
    <ClCompile Include="Application\InputManager.cpp">
      <Filter>Application</Filter>
    </ClCompile>
    <ClCompile Include="Engine\ResourcesCore.cpp">
      <Filter>Engine</Filter>
    </ClCompile>
    <ClCompile Include="Engine\VulkanAllocator.cpp">
      <Filter>Engine</Filter>
    </ClCompile>
    <ClCompile Include="Engine\Debug.cpp">
      <Filter>Engine</Filter>
    </ClCompile>
    <ClCompile Include="Engine\Resources.cpp">
      <Filter>Engine</Filter>
    </ClCompile>
    <ClCompile Include="Engine\RenderingCore.cpp">
      <Filter>Engine</Filter>
    </ClCompile>
    <ClCompile Include="Engine\Modules.cpp">
      <Filter>Engine</Filter>
    </ClCompile>
    <ClCompile Include="Base\File.cpp">
      <Filter>Base</Filter>
    </ClCompile>
  </ItemGroup>
  <ItemGroup>
    <Text Include="test.txt" />
    <Text Include="test2.txt" />
    <Text Include="test3.txt" />
  </ItemGroup>
</Project>